// !$*UTF8*$!
{
	archiveVersion = 1;
	classes = {
	};
	objectVersion = 55;
	objects = {

/* Begin PBXBuildFile section */
		48A3C8CA285656D800BDA75E /* DetailViewController.swift in Sources */ = {isa = PBXBuildFile; fileRef = 48A3C8C9285656D800BDA75E /* DetailViewController.swift */; };
		48A3C8CF2856D97D00BDA75E /* WindCondition.swift in Sources */ = {isa = PBXBuildFile; fileRef = 48A3C8CE2856D97C00BDA75E /* WindCondition.swift */; };
		48A3C8D12856E2DF00BDA75E /* UIImageView+Extension.swift in Sources */ = {isa = PBXBuildFile; fileRef = 48A3C8D02856E2DF00BDA75E /* UIImageView+Extension.swift */; };
		48A3C8D32857268800BDA75E /* Double+Extension.swift in Sources */ = {isa = PBXBuildFile; fileRef = 48A3C8D22857268800BDA75E /* Double+Extension.swift */; };
		48A3C8D52857280300BDA75E /* WeatherInformation.swift in Sources */ = {isa = PBXBuildFile; fileRef = 48A3C8D42857280300BDA75E /* WeatherInformation.swift */; };
		48A3C8D828572F5800BDA75E /* TemperatureUnit.swift in Sources */ = {isa = PBXBuildFile; fileRef = 48A3C8D728572F5800BDA75E /* TemperatureUnit.swift */; };
		48A3C8E2285760CD00BDA75E /* WeatherType.swift in Sources */ = {isa = PBXBuildFile; fileRef = 48A3C8E1285760CD00BDA75E /* WeatherType.swift */; };
		48AFD37B2853C87700AF543F /* GeoInfoRepository.swift in Sources */ = {isa = PBXBuildFile; fileRef = 48AFD3522853C87700AF543F /* GeoInfoRepository.swift */; };
		48AFD37C2853C87700AF543F /* WeatherInfoRepository.swift in Sources */ = {isa = PBXBuildFile; fileRef = 48AFD3532853C87700AF543F /* WeatherInfoRepository.swift */; };
		48AFD37D2853C87700AF543F /* APIKeyBundle.swift in Sources */ = {isa = PBXBuildFile; fileRef = 48AFD3542853C87700AF543F /* APIKeyBundle.swift */; };
		48AFD37E2853C87700AF543F /* SecretKey.plist in Resources */ = {isa = PBXBuildFile; fileRef = 48AFD3552853C87700AF543F /* SecretKey.plist */; };
		48AFD37F2853C87700AF543F /* APIProvider.swift in Sources */ = {isa = PBXBuildFile; fileRef = 48AFD3582853C87700AF543F /* APIProvider.swift */; };
		48AFD3802853C87700AF543F /* WeatherRawData.swift in Sources */ = {isa = PBXBuildFile; fileRef = 48AFD35B2853C87700AF543F /* WeatherRawData.swift */; };
		48AFD3812853C87700AF543F /* WeatherInfoService.swift in Sources */ = {isa = PBXBuildFile; fileRef = 48AFD35C2853C87700AF543F /* WeatherInfoService.swift */; };
		48AFD3822853C87700AF543F /* GeoInfoService.swift in Sources */ = {isa = PBXBuildFile; fileRef = 48AFD35D2853C87700AF543F /* GeoInfoService.swift */; };
		48AFD3832853C87700AF543F /* APIRequest.swift in Sources */ = {isa = PBXBuildFile; fileRef = 48AFD3602853C87700AF543F /* APIRequest.swift */; };
		48AFD3842853C87700AF543F /* WeatherInfoRequest.swift in Sources */ = {isa = PBXBuildFile; fileRef = 48AFD3612853C87700AF543F /* WeatherInfoRequest.swift */; };
		48AFD3852853C87700AF543F /* GeoInfoRequest.swift in Sources */ = {isa = PBXBuildFile; fileRef = 48AFD3622853C87700AF543F /* GeoInfoRequest.swift */; };
		48AFD3862853C87700AF543F /* NetworkError.swift in Sources */ = {isa = PBXBuildFile; fileRef = 48AFD3642853C87700AF543F /* NetworkError.swift */; };
		48AFD3872853C87700AF543F /* Assets.xcassets in Resources */ = {isa = PBXBuildFile; fileRef = 48AFD3652853C87700AF543F /* Assets.xcassets */; };
		48AFD3882853C87700AF543F /* LaunchScreen.storyboard in Resources */ = {isa = PBXBuildFile; fileRef = 48AFD3662853C87700AF543F /* LaunchScreen.storyboard */; };
		48AFD3892853C87700AF543F /* Main.storyboard in Resources */ = {isa = PBXBuildFile; fileRef = 48AFD3682853C87700AF543F /* Main.storyboard */; };
		48AFD38A2853C87700AF543F /* AppDelegate.swift in Sources */ = {isa = PBXBuildFile; fileRef = 48AFD36A2853C87700AF543F /* AppDelegate.swift */; };
		48AFD38B2853C87700AF543F /* WeatherListViewModel.swift in Sources */ = {isa = PBXBuildFile; fileRef = 48AFD36E2853C87700AF543F /* WeatherListViewModel.swift */; };
		48AFD38D2853C87700AF543F /* WeatherBasicsInfo.swift in Sources */ = {isa = PBXBuildFile; fileRef = 48AFD3732853C87700AF543F /* WeatherBasicsInfo.swift */; };
		48AFD38E2853C87700AF543F /* WeatherDetail.swift in Sources */ = {isa = PBXBuildFile; fileRef = 48AFD3742853C87700AF543F /* WeatherDetail.swift */; };
		48AFD38F2853C87700AF543F /* SystemInfo.swift in Sources */ = {isa = PBXBuildFile; fileRef = 48AFD3752853C87700AF543F /* SystemInfo.swift */; };
		48AFD3902853C87700AF543F /* City.swift in Sources */ = {isa = PBXBuildFile; fileRef = 48AFD3762853C87700AF543F /* City.swift */; };
		48AFD3922853C87700AF543F /* GeoInfo.swift in Sources */ = {isa = PBXBuildFile; fileRef = 48AFD3782853C87700AF543F /* GeoInfo.swift */; };
		48AFD3942853C87700AF543F /* SceneDelegate.swift in Sources */ = {isa = PBXBuildFile; fileRef = 48AFD37A2853C87700AF543F /* SceneDelegate.swift */; };
		48AFD3AB2853F3D300AF543F /* ListViewController.swift in Sources */ = {isa = PBXBuildFile; fileRef = 48AFD3AA2853F3D300AF543F /* ListViewController.swift */; };
		48AFD3AD285613C400AF543F /* ListTableViewCell.swift in Sources */ = {isa = PBXBuildFile; fileRef = 48AFD3AC285613C400AF543F /* ListTableViewCell.swift */; };
/* End PBXBuildFile section */

/* Begin PBXFileReference section */
		48A3C8C9285656D800BDA75E /* DetailViewController.swift */ = {isa = PBXFileReference; lastKnownFileType = sourcecode.swift; path = DetailViewController.swift; sourceTree = "<group>"; };
		48A3C8CE2856D97C00BDA75E /* WindCondition.swift */ = {isa = PBXFileReference; lastKnownFileType = sourcecode.swift; path = WindCondition.swift; sourceTree = "<group>"; };
		48A3C8D02856E2DF00BDA75E /* UIImageView+Extension.swift */ = {isa = PBXFileReference; lastKnownFileType = sourcecode.swift; path = "UIImageView+Extension.swift"; sourceTree = "<group>"; };
		48A3C8D22857268800BDA75E /* Double+Extension.swift */ = {isa = PBXFileReference; lastKnownFileType = sourcecode.swift; path = "Double+Extension.swift"; sourceTree = "<group>"; };
		48A3C8D42857280300BDA75E /* WeatherInformation.swift */ = {isa = PBXFileReference; lastKnownFileType = sourcecode.swift; path = WeatherInformation.swift; sourceTree = "<group>"; };
		48A3C8D728572F5800BDA75E /* TemperatureUnit.swift */ = {isa = PBXFileReference; lastKnownFileType = sourcecode.swift; path = TemperatureUnit.swift; sourceTree = "<group>"; };
		48A3C8E1285760CD00BDA75E /* WeatherType.swift */ = {isa = PBXFileReference; lastKnownFileType = sourcecode.swift; path = WeatherType.swift; sourceTree = "<group>"; };
		48AFD3522853C87700AF543F /* GeoInfoRepository.swift */ = {isa = PBXFileReference; fileEncoding = 4; lastKnownFileType = sourcecode.swift; path = GeoInfoRepository.swift; sourceTree = "<group>"; };
		48AFD3532853C87700AF543F /* WeatherInfoRepository.swift */ = {isa = PBXFileReference; fileEncoding = 4; lastKnownFileType = sourcecode.swift; path = WeatherInfoRepository.swift; sourceTree = "<group>"; };
		48AFD3542853C87700AF543F /* APIKeyBundle.swift */ = {isa = PBXFileReference; fileEncoding = 4; lastKnownFileType = sourcecode.swift; path = APIKeyBundle.swift; sourceTree = "<group>"; };
		48AFD3552853C87700AF543F /* SecretKey.plist */ = {isa = PBXFileReference; fileEncoding = 4; lastKnownFileType = text.plist.xml; path = SecretKey.plist; sourceTree = "<group>"; };
		48AFD3582853C87700AF543F /* APIProvider.swift */ = {isa = PBXFileReference; fileEncoding = 4; lastKnownFileType = sourcecode.swift; path = APIProvider.swift; sourceTree = "<group>"; };
		48AFD35B2853C87700AF543F /* WeatherRawData.swift */ = {isa = PBXFileReference; fileEncoding = 4; lastKnownFileType = sourcecode.swift; path = WeatherRawData.swift; sourceTree = "<group>"; };
		48AFD35C2853C87700AF543F /* WeatherInfoService.swift */ = {isa = PBXFileReference; fileEncoding = 4; lastKnownFileType = sourcecode.swift; path = WeatherInfoService.swift; sourceTree = "<group>"; };
		48AFD35D2853C87700AF543F /* GeoInfoService.swift */ = {isa = PBXFileReference; fileEncoding = 4; lastKnownFileType = sourcecode.swift; path = GeoInfoService.swift; sourceTree = "<group>"; };
		48AFD3602853C87700AF543F /* APIRequest.swift */ = {isa = PBXFileReference; fileEncoding = 4; lastKnownFileType = sourcecode.swift; path = APIRequest.swift; sourceTree = "<group>"; };
		48AFD3612853C87700AF543F /* WeatherInfoRequest.swift */ = {isa = PBXFileReference; fileEncoding = 4; lastKnownFileType = sourcecode.swift; path = WeatherInfoRequest.swift; sourceTree = "<group>"; };
		48AFD3622853C87700AF543F /* GeoInfoRequest.swift */ = {isa = PBXFileReference; fileEncoding = 4; lastKnownFileType = sourcecode.swift; path = GeoInfoRequest.swift; sourceTree = "<group>"; };
		48AFD3642853C87700AF543F /* NetworkError.swift */ = {isa = PBXFileReference; fileEncoding = 4; lastKnownFileType = sourcecode.swift; path = NetworkError.swift; sourceTree = "<group>"; };
		48AFD3652853C87700AF543F /* Assets.xcassets */ = {isa = PBXFileReference; lastKnownFileType = folder.assetcatalog; path = Assets.xcassets; sourceTree = "<group>"; };
		48AFD3672853C87700AF543F /* Base */ = {isa = PBXFileReference; lastKnownFileType = file.storyboard; name = Base; path = Base.lproj/LaunchScreen.storyboard; sourceTree = "<group>"; };
		48AFD3692853C87700AF543F /* Base */ = {isa = PBXFileReference; lastKnownFileType = file.storyboard; name = Base; path = Base.lproj/Main.storyboard; sourceTree = "<group>"; };
		48AFD36A2853C87700AF543F /* AppDelegate.swift */ = {isa = PBXFileReference; fileEncoding = 4; lastKnownFileType = sourcecode.swift; path = AppDelegate.swift; sourceTree = "<group>"; };
		48AFD36E2853C87700AF543F /* WeatherListViewModel.swift */ = {isa = PBXFileReference; fileEncoding = 4; lastKnownFileType = sourcecode.swift; path = WeatherListViewModel.swift; sourceTree = "<group>"; };
		48AFD3732853C87700AF543F /* WeatherBasicsInfo.swift */ = {isa = PBXFileReference; fileEncoding = 4; lastKnownFileType = sourcecode.swift; path = WeatherBasicsInfo.swift; sourceTree = "<group>"; };
		48AFD3742853C87700AF543F /* WeatherDetail.swift */ = {isa = PBXFileReference; fileEncoding = 4; lastKnownFileType = sourcecode.swift; path = WeatherDetail.swift; sourceTree = "<group>"; };
		48AFD3752853C87700AF543F /* SystemInfo.swift */ = {isa = PBXFileReference; fileEncoding = 4; lastKnownFileType = sourcecode.swift; path = SystemInfo.swift; sourceTree = "<group>"; };
		48AFD3762853C87700AF543F /* City.swift */ = {isa = PBXFileReference; fileEncoding = 4; lastKnownFileType = sourcecode.swift; path = City.swift; sourceTree = "<group>"; };
		48AFD3782853C87700AF543F /* GeoInfo.swift */ = {isa = PBXFileReference; fileEncoding = 4; lastKnownFileType = sourcecode.swift; path = GeoInfo.swift; sourceTree = "<group>"; };
		48AFD3792853C87700AF543F /* Info.plist */ = {isa = PBXFileReference; fileEncoding = 4; lastKnownFileType = text.plist.xml; path = Info.plist; sourceTree = "<group>"; };
		48AFD37A2853C87700AF543F /* SceneDelegate.swift */ = {isa = PBXFileReference; fileEncoding = 4; lastKnownFileType = sourcecode.swift; path = SceneDelegate.swift; sourceTree = "<group>"; };
		48AFD3AA2853F3D300AF543F /* ListViewController.swift */ = {isa = PBXFileReference; fileEncoding = 4; lastKnownFileType = sourcecode.swift; path = ListViewController.swift; sourceTree = "<group>"; };
		48AFD3AC285613C400AF543F /* ListTableViewCell.swift */ = {isa = PBXFileReference; lastKnownFileType = sourcecode.swift; path = ListTableViewCell.swift; sourceTree = "<group>"; };
		48D84D0C285195CA00B8A984 /* TodaysWeather.app */ = {isa = PBXFileReference; explicitFileType = wrapper.application; includeInIndex = 0; path = TodaysWeather.app; sourceTree = BUILT_PRODUCTS_DIR; };
/* End PBXFileReference section */

/* Begin PBXFrameworksBuildPhase section */
		48D84D09285195CA00B8A984 /* Frameworks */ = {
			isa = PBXFrameworksBuildPhase;
			buildActionMask = 2147483647;
			files = (
			);
			runOnlyForDeploymentPostprocessing = 0;
		};
/* End PBXFrameworksBuildPhase section */

/* Begin PBXGroup section */
		48A3C8CB285656DD00BDA75E /* DetailView */ = {
			isa = PBXGroup;
			children = (
				48A3C8CC285656F000BDA75E /* View */,
			);
			path = DetailView;
			sourceTree = "<group>";
		};
		48A3C8CC285656F000BDA75E /* View */ = {
			isa = PBXGroup;
			children = (
				48A3C8C9285656D800BDA75E /* DetailViewController.swift */,
			);
			path = View;
			sourceTree = "<group>";
		};
		48A3C8D628572EB100BDA75E /* Model */ = {
			isa = PBXGroup;
			children = (
				48A3C8D42857280300BDA75E /* WeatherInformation.swift */,
				48A3C8D728572F5800BDA75E /* TemperatureUnit.swift */,
			);
			path = Model;
			sourceTree = "<group>";
		};
		48AFD3502853C87700AF543F /* TodaysWeather */ = {
			isa = PBXGroup;
			children = (
				48AFD3652853C87700AF543F /* Assets.xcassets */,
				48AFD3662853C87700AF543F /* LaunchScreen.storyboard */,
				48AFD3682853C87700AF543F /* Main.storyboard */,
				48AFD36A2853C87700AF543F /* AppDelegate.swift */,
				48AFD37A2853C87700AF543F /* SceneDelegate.swift */,
				48AFD3552853C87700AF543F /* SecretKey.plist */,
				48AFD3792853C87700AF543F /* Info.plist */,
				48AFD3542853C87700AF543F /* APIKeyBundle.swift */,
				48AFD36B2853C87700AF543F /* Scene */,
				48AFD3712853C87700AF543F /* Domain */,
				48AFD3562853C87700AF543F /* Network */,
			);
			path = TodaysWeather;
			sourceTree = "<group>";
		};
		48AFD3512853C87700AF543F /* Repository */ = {
			isa = PBXGroup;
			children = (
				48AFD3522853C87700AF543F /* GeoInfoRepository.swift */,
				48AFD3532853C87700AF543F /* WeatherInfoRepository.swift */,
			);
			path = Repository;
			sourceTree = "<group>";
		};
		48AFD3562853C87700AF543F /* Network */ = {
			isa = PBXGroup;
			children = (
				48AFD3572853C87700AF543F /* Provider */,
				48AFD3592853C87700AF543F /* Service */,
				48AFD3512853C87700AF543F /* Repository */,
				48AFD3632853C87700AF543F /* Error */,
			);
			path = Network;
			sourceTree = "<group>";
		};
		48AFD3572853C87700AF543F /* Provider */ = {
			isa = PBXGroup;
			children = (
				48AFD3582853C87700AF543F /* APIProvider.swift */,
			);
			path = Provider;
			sourceTree = "<group>";
		};
		48AFD3592853C87700AF543F /* Service */ = {
			isa = PBXGroup;
			children = (
				48AFD35A2853C87700AF543F /* Response */,
				48AFD35C2853C87700AF543F /* WeatherInfoService.swift */,
				48AFD35D2853C87700AF543F /* GeoInfoService.swift */,
				48AFD35E2853C87700AF543F /* Request */,
			);
			path = Service;
			sourceTree = "<group>";
		};
		48AFD35A2853C87700AF543F /* Response */ = {
			isa = PBXGroup;
			children = (
				48AFD35B2853C87700AF543F /* WeatherRawData.swift */,
			);
			path = Response;
			sourceTree = "<group>";
		};
		48AFD35E2853C87700AF543F /* Request */ = {
			isa = PBXGroup;
			children = (
				48AFD35F2853C87700AF543F /* Protocol */,
				48AFD3612853C87700AF543F /* WeatherInfoRequest.swift */,
				48AFD3622853C87700AF543F /* GeoInfoRequest.swift */,
			);
			path = Request;
			sourceTree = "<group>";
		};
		48AFD35F2853C87700AF543F /* Protocol */ = {
			isa = PBXGroup;
			children = (
				48AFD3602853C87700AF543F /* APIRequest.swift */,
			);
			path = Protocol;
			sourceTree = "<group>";
		};
		48AFD3632853C87700AF543F /* Error */ = {
			isa = PBXGroup;
			children = (
				48AFD3642853C87700AF543F /* NetworkError.swift */,
			);
			path = Error;
			sourceTree = "<group>";
		};
		48AFD36B2853C87700AF543F /* Scene */ = {
			isa = PBXGroup;
			children = (
				48A3C8D02856E2DF00BDA75E /* UIImageView+Extension.swift */,
				48A3C8D22857268800BDA75E /* Double+Extension.swift */,
				48A3C8D628572EB100BDA75E /* Model */,
				48AFD36C2853C87700AF543F /* ListView */,
				48A3C8CB285656DD00BDA75E /* DetailView */,
			);
			path = Scene;
			sourceTree = "<group>";
		};
		48AFD36C2853C87700AF543F /* ListView */ = {
			isa = PBXGroup;
			children = (
				48AFD36F2853C87700AF543F /* View */,
				48AFD36D2853C87700AF543F /* ViewModel */,
			);
			path = ListView;
			sourceTree = "<group>";
		};
		48AFD36D2853C87700AF543F /* ViewModel */ = {
			isa = PBXGroup;
			children = (
				48AFD36E2853C87700AF543F /* WeatherListViewModel.swift */,
			);
			path = ViewModel;
			sourceTree = "<group>";
		};
		48AFD36F2853C87700AF543F /* View */ = {
			isa = PBXGroup;
			children = (
				48AFD3AA2853F3D300AF543F /* ListViewController.swift */,
				48AFD3AC285613C400AF543F /* ListTableViewCell.swift */,
			);
			path = View;
			sourceTree = "<group>";
		};
		48AFD3712853C87700AF543F /* Domain */ = {
			isa = PBXGroup;
			children = (
				48AFD3722853C87700AF543F /* Model */,
			);
			path = Domain;
			sourceTree = "<group>";
		};
		48AFD3722853C87700AF543F /* Model */ = {
			isa = PBXGroup;
			children = (
				48AFD3732853C87700AF543F /* WeatherBasicsInfo.swift */,
				48AFD3742853C87700AF543F /* WeatherDetail.swift */,
				48AFD3752853C87700AF543F /* SystemInfo.swift */,
				48AFD3762853C87700AF543F /* City.swift */,
				48AFD3782853C87700AF543F /* GeoInfo.swift */,
				48A3C8CE2856D97C00BDA75E /* WindCondition.swift */,
				48A3C8E1285760CD00BDA75E /* WeatherType.swift */,
			);
			path = Model;
			sourceTree = "<group>";
		};
		48D84D03285195CA00B8A984 = {
			isa = PBXGroup;
			children = (
				48AFD3502853C87700AF543F /* TodaysWeather */,
				48D84D0D285195CA00B8A984 /* Products */,
			);
			sourceTree = "<group>";
		};
		48D84D0D285195CA00B8A984 /* Products */ = {
			isa = PBXGroup;
			children = (
				48D84D0C285195CA00B8A984 /* TodaysWeather.app */,
			);
			name = Products;
			sourceTree = "<group>";
		};
/* End PBXGroup section */

/* Begin PBXNativeTarget section */
		48D84D0B285195CA00B8A984 /* TodaysWeather */ = {
			isa = PBXNativeTarget;
			buildConfigurationList = 48D84D20285195CB00B8A984 /* Build configuration list for PBXNativeTarget "TodaysWeather" */;
			buildPhases = (
				48D84D08285195CA00B8A984 /* Sources */,
				48D84D09285195CA00B8A984 /* Frameworks */,
				48D84D0A285195CA00B8A984 /* Resources */,
			);
			buildRules = (
			);
			dependencies = (
			);
			name = TodaysWeather;
			productName = TodaysWeather;
			productReference = 48D84D0C285195CA00B8A984 /* TodaysWeather.app */;
			productType = "com.apple.product-type.application";
		};
/* End PBXNativeTarget section */

/* Begin PBXProject section */
		48D84D04285195CA00B8A984 /* Project object */ = {
			isa = PBXProject;
			attributes = {
				BuildIndependentTargetsInParallel = 1;
				LastSwiftUpdateCheck = 1320;
				LastUpgradeCheck = 1320;
				TargetAttributes = {
					48D84D0B285195CA00B8A984 = {
						CreatedOnToolsVersion = 13.2.1;
					};
				};
			};
			buildConfigurationList = 48D84D07285195CA00B8A984 /* Build configuration list for PBXProject "TodaysWeather" */;
			compatibilityVersion = "Xcode 13.0";
			developmentRegion = en;
			hasScannedForEncodings = 0;
			knownRegions = (
				en,
				Base,
			);
			mainGroup = 48D84D03285195CA00B8A984;
			productRefGroup = 48D84D0D285195CA00B8A984 /* Products */;
			projectDirPath = "";
			projectRoot = "";
			targets = (
				48D84D0B285195CA00B8A984 /* TodaysWeather */,
			);
		};
/* End PBXProject section */

/* Begin PBXResourcesBuildPhase section */
		48D84D0A285195CA00B8A984 /* Resources */ = {
			isa = PBXResourcesBuildPhase;
			buildActionMask = 2147483647;
			files = (
				48AFD3882853C87700AF543F /* LaunchScreen.storyboard in Resources */,
				48AFD3872853C87700AF543F /* Assets.xcassets in Resources */,
				48AFD37E2853C87700AF543F /* SecretKey.plist in Resources */,
				48AFD3892853C87700AF543F /* Main.storyboard in Resources */,
			);
			runOnlyForDeploymentPostprocessing = 0;
		};
/* End PBXResourcesBuildPhase section */

/* Begin PBXSourcesBuildPhase section */
		48D84D08285195CA00B8A984 /* Sources */ = {
			isa = PBXSourcesBuildPhase;
			buildActionMask = 2147483647;
			files = (
				48AFD38A2853C87700AF543F /* AppDelegate.swift in Sources */,
				48AFD38F2853C87700AF543F /* SystemInfo.swift in Sources */,
				48A3C8E2285760CD00BDA75E /* WeatherType.swift in Sources */,
				48A3C8CA285656D800BDA75E /* DetailViewController.swift in Sources */,
				48AFD3902853C87700AF543F /* City.swift in Sources */,
				48A3C8D32857268800BDA75E /* Double+Extension.swift in Sources */,
				48AFD3822853C87700AF543F /* GeoInfoService.swift in Sources */,
				48AFD37C2853C87700AF543F /* WeatherInfoRepository.swift in Sources */,
				48AFD37F2853C87700AF543F /* APIProvider.swift in Sources */,
				48AFD3922853C87700AF543F /* GeoInfo.swift in Sources */,
				48AFD3942853C87700AF543F /* SceneDelegate.swift in Sources */,
				48AFD37B2853C87700AF543F /* GeoInfoRepository.swift in Sources */,
				48A3C8D12856E2DF00BDA75E /* UIImageView+Extension.swift in Sources */,
				48A3C8D828572F5800BDA75E /* TemperatureUnit.swift in Sources */,
				48AFD3802853C87700AF543F /* WeatherRawData.swift in Sources */,
				48AFD3812853C87700AF543F /* WeatherInfoService.swift in Sources */,
				48AFD3AD285613C400AF543F /* ListTableViewCell.swift in Sources */,
				48AFD38E2853C87700AF543F /* WeatherDetail.swift in Sources */,
				48AFD3842853C87700AF543F /* WeatherInfoRequest.swift in Sources */,
				48AFD3832853C87700AF543F /* APIRequest.swift in Sources */,
				48AFD37D2853C87700AF543F /* APIKeyBundle.swift in Sources */,
				48AFD3AB2853F3D300AF543F /* ListViewController.swift in Sources */,
				48AFD3862853C87700AF543F /* NetworkError.swift in Sources */,
				48AFD38B2853C87700AF543F /* WeatherListViewModel.swift in Sources */,
				48AFD38D2853C87700AF543F /* WeatherBasicsInfo.swift in Sources */,
				48AFD3852853C87700AF543F /* GeoInfoRequest.swift in Sources */,
				48A3C8D52857280300BDA75E /* WeatherInformation.swift in Sources */,
				48A3C8CF2856D97D00BDA75E /* WindCondition.swift in Sources */,
			);
			runOnlyForDeploymentPostprocessing = 0;
		};
/* End PBXSourcesBuildPhase section */

/* Begin PBXVariantGroup section */
		48AFD3662853C87700AF543F /* LaunchScreen.storyboard */ = {
			isa = PBXVariantGroup;
			children = (
				48AFD3672853C87700AF543F /* Base */,
			);
			name = LaunchScreen.storyboard;
			sourceTree = "<group>";
		};
		48AFD3682853C87700AF543F /* Main.storyboard */ = {
			isa = PBXVariantGroup;
			children = (
				48AFD3692853C87700AF543F /* Base */,
			);
			name = Main.storyboard;
			sourceTree = "<group>";
		};
/* End PBXVariantGroup section */

/* Begin XCBuildConfiguration section */
		48D84D1E285195CB00B8A984 /* Debug */ = {
			isa = XCBuildConfiguration;
			buildSettings = {
				ALWAYS_SEARCH_USER_PATHS = NO;
				CLANG_ANALYZER_NONNULL = YES;
				CLANG_ANALYZER_NUMBER_OBJECT_CONVERSION = YES_AGGRESSIVE;
				CLANG_CXX_LANGUAGE_STANDARD = "gnu++17";
				CLANG_CXX_LIBRARY = "libc++";
				CLANG_ENABLE_MODULES = YES;
				CLANG_ENABLE_OBJC_ARC = YES;
				CLANG_ENABLE_OBJC_WEAK = YES;
				CLANG_WARN_BLOCK_CAPTURE_AUTORELEASING = YES;
				CLANG_WARN_BOOL_CONVERSION = YES;
				CLANG_WARN_COMMA = YES;
				CLANG_WARN_CONSTANT_CONVERSION = YES;
				CLANG_WARN_DEPRECATED_OBJC_IMPLEMENTATIONS = YES;
				CLANG_WARN_DIRECT_OBJC_ISA_USAGE = YES_ERROR;
				CLANG_WARN_DOCUMENTATION_COMMENTS = YES;
				CLANG_WARN_EMPTY_BODY = YES;
				CLANG_WARN_ENUM_CONVERSION = YES;
				CLANG_WARN_INFINITE_RECURSION = YES;
				CLANG_WARN_INT_CONVERSION = YES;
				CLANG_WARN_NON_LITERAL_NULL_CONVERSION = YES;
				CLANG_WARN_OBJC_IMPLICIT_RETAIN_SELF = YES;
				CLANG_WARN_OBJC_LITERAL_CONVERSION = YES;
				CLANG_WARN_OBJC_ROOT_CLASS = YES_ERROR;
				CLANG_WARN_QUOTED_INCLUDE_IN_FRAMEWORK_HEADER = YES;
				CLANG_WARN_RANGE_LOOP_ANALYSIS = YES;
				CLANG_WARN_STRICT_PROTOTYPES = YES;
				CLANG_WARN_SUSPICIOUS_MOVE = YES;
				CLANG_WARN_UNGUARDED_AVAILABILITY = YES_AGGRESSIVE;
				CLANG_WARN_UNREACHABLE_CODE = YES;
				CLANG_WARN__DUPLICATE_METHOD_MATCH = YES;
				COPY_PHASE_STRIP = NO;
				DEBUG_INFORMATION_FORMAT = dwarf;
				ENABLE_STRICT_OBJC_MSGSEND = YES;
				ENABLE_TESTABILITY = YES;
				GCC_C_LANGUAGE_STANDARD = gnu11;
				GCC_DYNAMIC_NO_PIC = NO;
				GCC_NO_COMMON_BLOCKS = YES;
				GCC_OPTIMIZATION_LEVEL = 0;
				GCC_PREPROCESSOR_DEFINITIONS = (
					"DEBUG=1",
					"$(inherited)",
				);
				GCC_WARN_64_TO_32_BIT_CONVERSION = YES;
				GCC_WARN_ABOUT_RETURN_TYPE = YES_ERROR;
				GCC_WARN_UNDECLARED_SELECTOR = YES;
				GCC_WARN_UNINITIALIZED_AUTOS = YES_AGGRESSIVE;
				GCC_WARN_UNUSED_FUNCTION = YES;
				GCC_WARN_UNUSED_VARIABLE = YES;
				IPHONEOS_DEPLOYMENT_TARGET = 15.2;
				MTL_ENABLE_DEBUG_INFO = INCLUDE_SOURCE;
				MTL_FAST_MATH = YES;
				ONLY_ACTIVE_ARCH = YES;
				SDKROOT = iphoneos;
				SWIFT_ACTIVE_COMPILATION_CONDITIONS = DEBUG;
				SWIFT_OPTIMIZATION_LEVEL = "-Onone";
			};
			name = Debug;
		};
		48D84D1F285195CB00B8A984 /* Release */ = {
			isa = XCBuildConfiguration;
			buildSettings = {
				ALWAYS_SEARCH_USER_PATHS = NO;
				CLANG_ANALYZER_NONNULL = YES;
				CLANG_ANALYZER_NUMBER_OBJECT_CONVERSION = YES_AGGRESSIVE;
				CLANG_CXX_LANGUAGE_STANDARD = "gnu++17";
				CLANG_CXX_LIBRARY = "libc++";
				CLANG_ENABLE_MODULES = YES;
				CLANG_ENABLE_OBJC_ARC = YES;
				CLANG_ENABLE_OBJC_WEAK = YES;
				CLANG_WARN_BLOCK_CAPTURE_AUTORELEASING = YES;
				CLANG_WARN_BOOL_CONVERSION = YES;
				CLANG_WARN_COMMA = YES;
				CLANG_WARN_CONSTANT_CONVERSION = YES;
				CLANG_WARN_DEPRECATED_OBJC_IMPLEMENTATIONS = YES;
				CLANG_WARN_DIRECT_OBJC_ISA_USAGE = YES_ERROR;
				CLANG_WARN_DOCUMENTATION_COMMENTS = YES;
				CLANG_WARN_EMPTY_BODY = YES;
				CLANG_WARN_ENUM_CONVERSION = YES;
				CLANG_WARN_INFINITE_RECURSION = YES;
				CLANG_WARN_INT_CONVERSION = YES;
				CLANG_WARN_NON_LITERAL_NULL_CONVERSION = YES;
				CLANG_WARN_OBJC_IMPLICIT_RETAIN_SELF = YES;
				CLANG_WARN_OBJC_LITERAL_CONVERSION = YES;
				CLANG_WARN_OBJC_ROOT_CLASS = YES_ERROR;
				CLANG_WARN_QUOTED_INCLUDE_IN_FRAMEWORK_HEADER = YES;
				CLANG_WARN_RANGE_LOOP_ANALYSIS = YES;
				CLANG_WARN_STRICT_PROTOTYPES = YES;
				CLANG_WARN_SUSPICIOUS_MOVE = YES;
				CLANG_WARN_UNGUARDED_AVAILABILITY = YES_AGGRESSIVE;
				CLANG_WARN_UNREACHABLE_CODE = YES;
				CLANG_WARN__DUPLICATE_METHOD_MATCH = YES;
				COPY_PHASE_STRIP = NO;
				DEBUG_INFORMATION_FORMAT = "dwarf-with-dsym";
				ENABLE_NS_ASSERTIONS = NO;
				ENABLE_STRICT_OBJC_MSGSEND = YES;
				GCC_C_LANGUAGE_STANDARD = gnu11;
				GCC_NO_COMMON_BLOCKS = YES;
				GCC_WARN_64_TO_32_BIT_CONVERSION = YES;
				GCC_WARN_ABOUT_RETURN_TYPE = YES_ERROR;
				GCC_WARN_UNDECLARED_SELECTOR = YES;
				GCC_WARN_UNINITIALIZED_AUTOS = YES_AGGRESSIVE;
				GCC_WARN_UNUSED_FUNCTION = YES;
				GCC_WARN_UNUSED_VARIABLE = YES;
				IPHONEOS_DEPLOYMENT_TARGET = 15.2;
				MTL_ENABLE_DEBUG_INFO = NO;
				MTL_FAST_MATH = YES;
				SDKROOT = iphoneos;
				SWIFT_COMPILATION_MODE = wholemodule;
				SWIFT_OPTIMIZATION_LEVEL = "-O";
				VALIDATE_PRODUCT = YES;
			};
			name = Release;
		};
		48D84D21285195CB00B8A984 /* Debug */ = {
			isa = XCBuildConfiguration;
			buildSettings = {
				ASSETCATALOG_COMPILER_APPICON_NAME = AppIcon;
				ASSETCATALOG_COMPILER_GLOBAL_ACCENT_COLOR_NAME = AccentColor;
				CODE_SIGN_STYLE = Automatic;
				CURRENT_PROJECT_VERSION = 1;
				DEVELOPMENT_TEAM = 54T77SSM5Q;
				GENERATE_INFOPLIST_FILE = YES;
				INFOPLIST_FILE = TodaysWeather/Info.plist;
				INFOPLIST_KEY_UIApplicationSupportsIndirectInputEvents = YES;
				INFOPLIST_KEY_UILaunchStoryboardName = LaunchScreen;
				INFOPLIST_KEY_UIMainStoryboardFile = Main;
				INFOPLIST_KEY_UISupportedInterfaceOrientations_iPad = "UIInterfaceOrientationPortrait UIInterfaceOrientationPortraitUpsideDown UIInterfaceOrientationLandscapeLeft UIInterfaceOrientationLandscapeRight";
				INFOPLIST_KEY_UISupportedInterfaceOrientations_iPhone = "UIInterfaceOrientationPortrait UIInterfaceOrientationLandscapeLeft UIInterfaceOrientationLandscapeRight";
				LD_RUNPATH_SEARCH_PATHS = (
					"$(inherited)",
					"@executable_path/Frameworks",
				);
				MARKETING_VERSION = 1.0;
				PRODUCT_BUNDLE_IDENTIFIER = a.TodaysWeather;
				PRODUCT_NAME = "$(TARGET_NAME)";
				SWIFT_EMIT_LOC_STRINGS = YES;
				SWIFT_VERSION = 5.0;
				TARGETED_DEVICE_FAMILY = "1,2";
			};
			name = Debug;
		};
		48D84D22285195CB00B8A984 /* Release */ = {
			isa = XCBuildConfiguration;
			buildSettings = {
				ASSETCATALOG_COMPILER_APPICON_NAME = AppIcon;
				ASSETCATALOG_COMPILER_GLOBAL_ACCENT_COLOR_NAME = AccentColor;
				CODE_SIGN_STYLE = Automatic;
				CURRENT_PROJECT_VERSION = 1;
				DEVELOPMENT_TEAM = 54T77SSM5Q;
				GENERATE_INFOPLIST_FILE = YES;
				INFOPLIST_FILE = TodaysWeather/Info.plist;
				INFOPLIST_KEY_UIApplicationSupportsIndirectInputEvents = YES;
				INFOPLIST_KEY_UILaunchStoryboardName = LaunchScreen;
				INFOPLIST_KEY_UIMainStoryboardFile = Main;
				INFOPLIST_KEY_UISupportedInterfaceOrientations_iPad = "UIInterfaceOrientationPortrait UIInterfaceOrientationPortraitUpsideDown UIInterfaceOrientationLandscapeLeft UIInterfaceOrientationLandscapeRight";
				INFOPLIST_KEY_UISupportedInterfaceOrientations_iPhone = "UIInterfaceOrientationPortrait UIInterfaceOrientationLandscapeLeft UIInterfaceOrientationLandscapeRight";
				LD_RUNPATH_SEARCH_PATHS = (
					"$(inherited)",
					"@executable_path/Frameworks",
				);
				MARKETING_VERSION = 1.0;
				PRODUCT_BUNDLE_IDENTIFIER = a.TodaysWeather;
				PRODUCT_NAME = "$(TARGET_NAME)";
				SWIFT_EMIT_LOC_STRINGS = YES;
				SWIFT_VERSION = 5.0;
				TARGETED_DEVICE_FAMILY = "1,2";
			};
			name = Release;
		};
/* End XCBuildConfiguration section */

/* Begin XCConfigurationList section */
		48D84D07285195CA00B8A984 /* Build configuration list for PBXProject "TodaysWeather" */ = {
			isa = XCConfigurationList;
			buildConfigurations = (
				48D84D1E285195CB00B8A984 /* Debug */,
				48D84D1F285195CB00B8A984 /* Release */,
			);
			defaultConfigurationIsVisible = 0;
			defaultConfigurationName = Release;
		};
		48D84D20285195CB00B8A984 /* Build configuration list for PBXNativeTarget "TodaysWeather" */ = {
			isa = XCConfigurationList;
			buildConfigurations = (
				48D84D21285195CB00B8A984 /* Debug */,
				48D84D22285195CB00B8A984 /* Release */,
			);
			defaultConfigurationIsVisible = 0;
			defaultConfigurationName = Release;
		};
/* End XCConfigurationList section */
	};
	rootObject = 48D84D04285195CA00B8A984 /* Project object */;
}
